{
  "name": "docs",
  "lockfileVersion": 3,
  "requires": true,
  "packages": {
    "": {
      "devDependencies": {
        "jekyll-hypertext-theme": "github:Eroica/jekyll-hypertext-theme"
      }
    },
    "node_modules/destyle.css": {
      "version": "1.0.15",
      "resolved": "https://registry.npmjs.org/destyle.css/-/destyle.css-1.0.15.tgz",
      "integrity": "sha512-ZKuiTAf4Ha2/vsJvFk5oqxSNQiA2pPTskg3KJaVZb3fYf2/X2DYuib1rYvOhZr4mkIz+r+DvMlEvI1qxKLZUKg==",
      "dev": true,
      "license": "MIT"
    },
    "node_modules/jekyll-hypertext-theme": {
      "version": "1.3.3",
      "resolved": "git+ssh://git@github.com/Eroica/jekyll-hypertext-theme.git#fc78726023a5354560f0208bbf0e31f8d0a2462e",
      "dev": true,
      "license": "Zlib",
      "dependencies": {
        "destyle.css": "^1.0.3"
      }
    }
  }
}
